// !$*UTF8*$!
{
	archiveVersion = 1;
	classes = {
	};
	objectVersion = 56;
	objects = {

/* Begin PBXBuildFile section */
		2F5B05D52AEA5BD90075D083 /* AppDelegate.swift in Sources */ = {isa = PBXBuildFile; fileRef = 2F5B05D42AEA5BD90075D083 /* AppDelegate.swift */; };
		2F5B05D72AEA5BD90075D083 /* SceneDelegate.swift in Sources */ = {isa = PBXBuildFile; fileRef = 2F5B05D62AEA5BD90075D083 /* SceneDelegate.swift */; };
		2F5B05D92AEA5BD90075D083 /* ViewController.swift in Sources */ = {isa = PBXBuildFile; fileRef = 2F5B05D82AEA5BD90075D083 /* ViewController.swift */; };
		2F5B05DC2AEA5BD90075D083 /* Main.storyboard in Resources */ = {isa = PBXBuildFile; fileRef = 2F5B05DA2AEA5BD90075D083 /* Main.storyboard */; };
		2F5B05DE2AEA5BDB0075D083 /* Assets.xcassets in Resources */ = {isa = PBXBuildFile; fileRef = 2F5B05DD2AEA5BDB0075D083 /* Assets.xcassets */; };
		2F5B05E12AEA5BDB0075D083 /* LaunchScreen.storyboard in Resources */ = {isa = PBXBuildFile; fileRef = 2F5B05DF2AEA5BDB0075D083 /* LaunchScreen.storyboard */; };
		2F5B05EC2AEA60460075D083 /* NetworkClient.swift in Sources */ = {isa = PBXBuildFile; fileRef = 2F5B05EB2AEA60460075D083 /* NetworkClient.swift */; };
		2F5B05EF2AEA608F0075D083 /* ErrorModel.swift in Sources */ = {isa = PBXBuildFile; fileRef = 2F5B05EE2AEA608F0075D083 /* ErrorModel.swift */; };
		2F5B05F12AEA60B40075D083 /* GitHubUserModel.swift in Sources */ = {isa = PBXBuildFile; fileRef = 2F5B05F02AEA60B40075D083 /* GitHubUserModel.swift */; };
		2F5B05F32AEA60F60075D083 /* Constants.swift in Sources */ = {isa = PBXBuildFile; fileRef = 2F5B05F22AEA60F60075D083 /* Constants.swift */; };
		2F5B05F72AEA613F0075D083 /* ImageUtility.swift in Sources */ = {isa = PBXBuildFile; fileRef = 2F5B05F62AEA613F0075D083 /* ImageUtility.swift */; };
		2F5B05F92AEA618F0075D083 /* UserVC.swift in Sources */ = {isa = PBXBuildFile; fileRef = 2F5B05F82AEA618F0075D083 /* UserVC.swift */; };
		2F5B05FB2AEA61B30075D083 /* UserViewModel.swift in Sources */ = {isa = PBXBuildFile; fileRef = 2F5B05FA2AEA61B30075D083 /* UserViewModel.swift */; };
		2F5B05FE2AEA61EA0075D083 /* FollowerVC.swift in Sources */ = {isa = PBXBuildFile; fileRef = 2F5B05FD2AEA61EA0075D083 /* FollowerVC.swift */; };
		2F5B06002AEA61FA0075D083 /* FollowerViewModel.swift in Sources */ = {isa = PBXBuildFile; fileRef = 2F5B05FF2AEA61FA0075D083 /* FollowerViewModel.swift */; };
		2F5B06032AEA62A80075D083 /* UIViewControllerExtension.swift in Sources */ = {isa = PBXBuildFile; fileRef = 2F5B06022AEA62A80075D083 /* UIViewControllerExtension.swift */; };
		2F5B06062AEA62DD0075D083 /* FollowerCollectionViewCell.swift in Sources */ = {isa = PBXBuildFile; fileRef = 2F5B06052AEA62DD0075D083 /* FollowerCollectionViewCell.swift */; };
		2F5B06082AEA63030075D083 /* FollowerCollectionViewCellViewModel.swift in Sources */ = {isa = PBXBuildFile; fileRef = 2F5B06072AEA63030075D083 /* FollowerCollectionViewCellViewModel.swift */; };
		2F5B060B2AEA63A30075D083 /* LoginViewModel.swift in Sources */ = {isa = PBXBuildFile; fileRef = 2F5B060A2AEA63A30075D083 /* LoginViewModel.swift */; };
		2F5B060D2AEA63F60075D083 /* RoundedImageView.swift in Sources */ = {isa = PBXBuildFile; fileRef = 2F5B060C2AEA63F60075D083 /* RoundedImageView.swift */; };
		D1568CBAEEEC2C1C533D1345 /* Pods_GitHubTask_MVVM.framework in Frameworks */ = {isa = PBXBuildFile; fileRef = 80F21295C5F0AA3B61649A77 /* Pods_GitHubTask_MVVM.framework */; };
/* End PBXBuildFile section */

/* Begin PBXFileReference section */
		0A4214D87FE58F2BE846E057 /* Pods-GitHubTask_MVVM.release.xcconfig */ = {isa = PBXFileReference; includeInIndex = 1; lastKnownFileType = text.xcconfig; name = "Pods-GitHubTask_MVVM.release.xcconfig"; path = "Target Support Files/Pods-GitHubTask_MVVM/Pods-GitHubTask_MVVM.release.xcconfig"; sourceTree = "<group>"; };
		2F5B05D12AEA5BD90075D083 /* GitHubTask_MVVM.app */ = {isa = PBXFileReference; explicitFileType = wrapper.application; includeInIndex = 0; path = GitHubTask_MVVM.app; sourceTree = BUILT_PRODUCTS_DIR; };
		2F5B05D42AEA5BD90075D083 /* AppDelegate.swift */ = {isa = PBXFileReference; lastKnownFileType = sourcecode.swift; path = AppDelegate.swift; sourceTree = "<group>"; };
		2F5B05D62AEA5BD90075D083 /* SceneDelegate.swift */ = {isa = PBXFileReference; lastKnownFileType = sourcecode.swift; path = SceneDelegate.swift; sourceTree = "<group>"; };
		2F5B05D82AEA5BD90075D083 /* ViewController.swift */ = {isa = PBXFileReference; lastKnownFileType = sourcecode.swift; path = ViewController.swift; sourceTree = "<group>"; };
		2F5B05DB2AEA5BD90075D083 /* Base */ = {isa = PBXFileReference; lastKnownFileType = file.storyboard; name = Base; path = Base.lproj/Main.storyboard; sourceTree = "<group>"; };
		2F5B05DD2AEA5BDB0075D083 /* Assets.xcassets */ = {isa = PBXFileReference; lastKnownFileType = folder.assetcatalog; path = Assets.xcassets; sourceTree = "<group>"; };
		2F5B05E02AEA5BDB0075D083 /* Base */ = {isa = PBXFileReference; lastKnownFileType = file.storyboard; name = Base; path = Base.lproj/LaunchScreen.storyboard; sourceTree = "<group>"; };
		2F5B05E22AEA5BDB0075D083 /* Info.plist */ = {isa = PBXFileReference; lastKnownFileType = text.plist.xml; path = Info.plist; sourceTree = "<group>"; };
		2F5B05EB2AEA60460075D083 /* NetworkClient.swift */ = {isa = PBXFileReference; lastKnownFileType = sourcecode.swift; path = NetworkClient.swift; sourceTree = "<group>"; };
		2F5B05EE2AEA608F0075D083 /* ErrorModel.swift */ = {isa = PBXFileReference; lastKnownFileType = sourcecode.swift; path = ErrorModel.swift; sourceTree = "<group>"; };
		2F5B05F02AEA60B40075D083 /* GitHubUserModel.swift */ = {isa = PBXFileReference; lastKnownFileType = sourcecode.swift; path = GitHubUserModel.swift; sourceTree = "<group>"; };
		2F5B05F22AEA60F60075D083 /* Constants.swift */ = {isa = PBXFileReference; lastKnownFileType = sourcecode.swift; path = Constants.swift; sourceTree = "<group>"; };
		2F5B05F62AEA613F0075D083 /* ImageUtility.swift */ = {isa = PBXFileReference; lastKnownFileType = sourcecode.swift; path = ImageUtility.swift; sourceTree = "<group>"; };
		2F5B05F82AEA618F0075D083 /* UserVC.swift */ = {isa = PBXFileReference; lastKnownFileType = sourcecode.swift; path = UserVC.swift; sourceTree = "<group>"; };
		2F5B05FA2AEA61B30075D083 /* UserViewModel.swift */ = {isa = PBXFileReference; lastKnownFileType = sourcecode.swift; path = UserViewModel.swift; sourceTree = "<group>"; };
		2F5B05FD2AEA61EA0075D083 /* FollowerVC.swift */ = {isa = PBXFileReference; lastKnownFileType = sourcecode.swift; path = FollowerVC.swift; sourceTree = "<group>"; };
		2F5B05FF2AEA61FA0075D083 /* FollowerViewModel.swift */ = {isa = PBXFileReference; lastKnownFileType = sourcecode.swift; path = FollowerViewModel.swift; sourceTree = "<group>"; };
		2F5B06022AEA62A80075D083 /* UIViewControllerExtension.swift */ = {isa = PBXFileReference; lastKnownFileType = sourcecode.swift; path = UIViewControllerExtension.swift; sourceTree = "<group>"; };
		2F5B06052AEA62DD0075D083 /* FollowerCollectionViewCell.swift */ = {isa = PBXFileReference; lastKnownFileType = sourcecode.swift; path = FollowerCollectionViewCell.swift; sourceTree = "<group>"; };
		2F5B06072AEA63030075D083 /* FollowerCollectionViewCellViewModel.swift */ = {isa = PBXFileReference; lastKnownFileType = sourcecode.swift; path = FollowerCollectionViewCellViewModel.swift; sourceTree = "<group>"; };
		2F5B060A2AEA63A30075D083 /* LoginViewModel.swift */ = {isa = PBXFileReference; lastKnownFileType = sourcecode.swift; path = LoginViewModel.swift; sourceTree = "<group>"; };
		2F5B060C2AEA63F60075D083 /* RoundedImageView.swift */ = {isa = PBXFileReference; lastKnownFileType = sourcecode.swift; path = RoundedImageView.swift; sourceTree = "<group>"; };
		39A9107D436C183F37A771FC /* Pods-GitHubTask_MVVM.debug.xcconfig */ = {isa = PBXFileReference; includeInIndex = 1; lastKnownFileType = text.xcconfig; name = "Pods-GitHubTask_MVVM.debug.xcconfig"; path = "Target Support Files/Pods-GitHubTask_MVVM/Pods-GitHubTask_MVVM.debug.xcconfig"; sourceTree = "<group>"; };
		80F21295C5F0AA3B61649A77 /* Pods_GitHubTask_MVVM.framework */ = {isa = PBXFileReference; explicitFileType = wrapper.framework; includeInIndex = 0; path = Pods_GitHubTask_MVVM.framework; sourceTree = BUILT_PRODUCTS_DIR; };
/* End PBXFileReference section */

/* Begin PBXFrameworksBuildPhase section */
		2F5B05CE2AEA5BD90075D083 /* Frameworks */ = {
			isa = PBXFrameworksBuildPhase;
			buildActionMask = 2147483647;
			files = (
				D1568CBAEEEC2C1C533D1345 /* Pods_GitHubTask_MVVM.framework in Frameworks */,
			);
			runOnlyForDeploymentPostprocessing = 0;
		};
/* End PBXFrameworksBuildPhase section */

/* Begin PBXGroup section */
		2F5B05C82AEA5BD90075D083 = {
			isa = PBXGroup;
			children = (
				2F5B05D32AEA5BD90075D083 /* GitHubTask_MVVM */,
				2F5B05D22AEA5BD90075D083 /* Products */,
				DDC514A8719007DE5C3E2397 /* Pods */,
				DDF3D9895526DED9BB9142E2 /* Frameworks */,
			);
			sourceTree = "<group>";
		};
		2F5B05D22AEA5BD90075D083 /* Products */ = {
			isa = PBXGroup;
			children = (
				2F5B05D12AEA5BD90075D083 /* GitHubTask_MVVM.app */,
			);
			name = Products;
			sourceTree = "<group>";
		};
		2F5B05D32AEA5BD90075D083 /* GitHubTask_MVVM */ = {
			isa = PBXGroup;
			children = (
				2F5B05F22AEA60F60075D083 /* Constants.swift */,
				2F5B06092AEA63310075D083 /* Login */,
				2F5B05F52AEA612F0075D083 /* User */,
				2F5B05FC2AEA61CF0075D083 /* Follower */,
				2F5B05F42AEA61090075D083 /* Utilities */,
				2F5B05ED2AEA606F0075D083 /* Models */,
				2F5B06012AEA62260075D083 /* Extensions */,
				2F5B05EA2AEA60030075D083 /* Network */,
				2F5B05D42AEA5BD90075D083 /* AppDelegate.swift */,
				2F5B05D62AEA5BD90075D083 /* SceneDelegate.swift */,
				2F5B060C2AEA63F60075D083 /* RoundedImageView.swift */,
				2F5B05DA2AEA5BD90075D083 /* Main.storyboard */,
				2F5B05DD2AEA5BDB0075D083 /* Assets.xcassets */,
				2F5B05DF2AEA5BDB0075D083 /* LaunchScreen.storyboard */,
				2F5B05E22AEA5BDB0075D083 /* Info.plist */,
			);
			path = GitHubTask_MVVM;
			sourceTree = "<group>";
		};
		2F5B05EA2AEA60030075D083 /* Network */ = {
			isa = PBXGroup;
			children = (
				2F5B06042AEA62BF0075D083 /* Cells */,
				2F5B05EB2AEA60460075D083 /* NetworkClient.swift */,
			);
			path = Network;
			sourceTree = "<group>";
		};
		2F5B05ED2AEA606F0075D083 /* Models */ = {
			isa = PBXGroup;
			children = (
				2F5B05EE2AEA608F0075D083 /* ErrorModel.swift */,
				2F5B05F02AEA60B40075D083 /* GitHubUserModel.swift */,
			);
			path = Models;
			sourceTree = "<group>";
		};
		2F5B05F42AEA61090075D083 /* Utilities */ = {
			isa = PBXGroup;
			children = (
				2F5B05F62AEA613F0075D083 /* ImageUtility.swift */,
			);
			path = Utilities;
			sourceTree = "<group>";
		};
		2F5B05F52AEA612F0075D083 /* User */ = {
			isa = PBXGroup;
			children = (
				2F5B05F82AEA618F0075D083 /* UserVC.swift */,
				2F5B05FA2AEA61B30075D083 /* UserViewModel.swift */,
			);
			path = User;
			sourceTree = "<group>";
		};
		2F5B05FC2AEA61CF0075D083 /* Follower */ = {
			isa = PBXGroup;
			children = (
				2F5B05FD2AEA61EA0075D083 /* FollowerVC.swift */,
				2F5B05FF2AEA61FA0075D083 /* FollowerViewModel.swift */,
			);
			path = Follower;
			sourceTree = "<group>";
		};
		2F5B06012AEA62260075D083 /* Extensions */ = {
			isa = PBXGroup;
			children = (
				2F5B06022AEA62A80075D083 /* UIViewControllerExtension.swift */,
			);
			path = Extensions;
			sourceTree = "<group>";
		};
		2F5B06042AEA62BF0075D083 /* Cells */ = {
			isa = PBXGroup;
			children = (
				2F5B06052AEA62DD0075D083 /* FollowerCollectionViewCell.swift */,
				2F5B06072AEA63030075D083 /* FollowerCollectionViewCellViewModel.swift */,
			);
			path = Cells;
			sourceTree = "<group>";
		};
		2F5B06092AEA63310075D083 /* Login */ = {
			isa = PBXGroup;
			children = (
				2F5B05D82AEA5BD90075D083 /* ViewController.swift */,
				2F5B060A2AEA63A30075D083 /* LoginViewModel.swift */,
			);
			path = Login;
			sourceTree = "<group>";
		};
		DDC514A8719007DE5C3E2397 /* Pods */ = {
			isa = PBXGroup;
			children = (
				39A9107D436C183F37A771FC /* Pods-GitHubTask_MVVM.debug.xcconfig */,
				0A4214D87FE58F2BE846E057 /* Pods-GitHubTask_MVVM.release.xcconfig */,
			);
			path = Pods;
			sourceTree = "<group>";
		};
		DDF3D9895526DED9BB9142E2 /* Frameworks */ = {
			isa = PBXGroup;
			children = (
				80F21295C5F0AA3B61649A77 /* Pods_GitHubTask_MVVM.framework */,
			);
			name = Frameworks;
			sourceTree = "<group>";
		};
/* End PBXGroup section */

/* Begin PBXNativeTarget section */
		2F5B05D02AEA5BD90075D083 /* GitHubTask_MVVM */ = {
			isa = PBXNativeTarget;
			buildConfigurationList = 2F5B05E52AEA5BDB0075D083 /* Build configuration list for PBXNativeTarget "GitHubTask_MVVM" */;
			buildPhases = (
				C68E2E76B8396A1B7DF76525 /* [CP] Check Pods Manifest.lock */,
				2F5B05CD2AEA5BD90075D083 /* Sources */,
				2F5B05CE2AEA5BD90075D083 /* Frameworks */,
				2F5B05CF2AEA5BD90075D083 /* Resources */,
				DD9DA826142BD6420C1591AA /* [CP] Embed Pods Frameworks */,
			);
			buildRules = (
			);
			dependencies = (
			);
			name = GitHubTask_MVVM;
			productName = GitHubTask_MVVM;
			productReference = 2F5B05D12AEA5BD90075D083 /* GitHubTask_MVVM.app */;
			productType = "com.apple.product-type.application";
		};
/* End PBXNativeTarget section */

/* Begin PBXProject section */
		2F5B05C92AEA5BD90075D083 /* Project object */ = {
			isa = PBXProject;
			attributes = {
				BuildIndependentTargetsInParallel = 1;
				LastSwiftUpdateCheck = 1430;
				LastUpgradeCheck = 1430;
				TargetAttributes = {
					2F5B05D02AEA5BD90075D083 = {
						CreatedOnToolsVersion = 14.3.1;
					};
				};
			};
			buildConfigurationList = 2F5B05CC2AEA5BD90075D083 /* Build configuration list for PBXProject "GitHubTask_MVVM" */;
			compatibilityVersion = "Xcode 14.0";
			developmentRegion = en;
			hasScannedForEncodings = 0;
			knownRegions = (
				en,
				Base,
			);
			mainGroup = 2F5B05C82AEA5BD90075D083;
			productRefGroup = 2F5B05D22AEA5BD90075D083 /* Products */;
			projectDirPath = "";
			projectRoot = "";
			targets = (
				2F5B05D02AEA5BD90075D083 /* GitHubTask_MVVM */,
			);
		};
/* End PBXProject section */

/* Begin PBXResourcesBuildPhase section */
		2F5B05CF2AEA5BD90075D083 /* Resources */ = {
			isa = PBXResourcesBuildPhase;
			buildActionMask = 2147483647;
			files = (
				2F5B05E12AEA5BDB0075D083 /* LaunchScreen.storyboard in Resources */,
				2F5B05DE2AEA5BDB0075D083 /* Assets.xcassets in Resources */,
				2F5B05DC2AEA5BD90075D083 /* Main.storyboard in Resources */,
			);
			runOnlyForDeploymentPostprocessing = 0;
		};
/* End PBXResourcesBuildPhase section */

/* Begin PBXShellScriptBuildPhase section */
		C68E2E76B8396A1B7DF76525 /* [CP] Check Pods Manifest.lock */ = {
			isa = PBXShellScriptBuildPhase;
			buildActionMask = 2147483647;
			files = (
			);
			inputFileListPaths = (
			);
			inputPaths = (
				"${PODS_PODFILE_DIR_PATH}/Podfile.lock",
				"${PODS_ROOT}/Manifest.lock",
			);
			name = "[CP] Check Pods Manifest.lock";
			outputFileListPaths = (
			);
			outputPaths = (
				"$(DERIVED_FILE_DIR)/Pods-GitHubTask_MVVM-checkManifestLockResult.txt",
			);
			runOnlyForDeploymentPostprocessing = 0;
			shellPath = /bin/sh;
			shellScript = "diff \"${PODS_PODFILE_DIR_PATH}/Podfile.lock\" \"${PODS_ROOT}/Manifest.lock\" > /dev/null\nif [ $? != 0 ] ; then\n    # print error to STDERR\n    echo \"error: The sandbox is not in sync with the Podfile.lock. Run 'pod install' or update your CocoaPods installation.\" >&2\n    exit 1\nfi\n# This output is used by Xcode 'outputs' to avoid re-running this script phase.\necho \"SUCCESS\" > \"${SCRIPT_OUTPUT_FILE_0}\"\n";
			showEnvVarsInLog = 0;
		};
		DD9DA826142BD6420C1591AA /* [CP] Embed Pods Frameworks */ = {
			isa = PBXShellScriptBuildPhase;
			buildActionMask = 2147483647;
			files = (
			);
			inputFileListPaths = (
				"${PODS_ROOT}/Target Support Files/Pods-GitHubTask_MVVM/Pods-GitHubTask_MVVM-frameworks-${CONFIGURATION}-input-files.xcfilelist",
			);
			name = "[CP] Embed Pods Frameworks";
			outputFileListPaths = (
				"${PODS_ROOT}/Target Support Files/Pods-GitHubTask_MVVM/Pods-GitHubTask_MVVM-frameworks-${CONFIGURATION}-output-files.xcfilelist",
			);
			runOnlyForDeploymentPostprocessing = 0;
			shellPath = /bin/sh;
			shellScript = "\"${PODS_ROOT}/Target Support Files/Pods-GitHubTask_MVVM/Pods-GitHubTask_MVVM-frameworks.sh\"\n";
			showEnvVarsInLog = 0;
		};
/* End PBXShellScriptBuildPhase section */

/* Begin PBXSourcesBuildPhase section */
		2F5B05CD2AEA5BD90075D083 /* Sources */ = {
			isa = PBXSourcesBuildPhase;
			buildActionMask = 2147483647;
			files = (
				2F5B05EF2AEA608F0075D083 /* ErrorModel.swift in Sources */,
				2F5B05D92AEA5BD90075D083 /* ViewController.swift in Sources */,
				2F5B05D52AEA5BD90075D083 /* AppDelegate.swift in Sources */,
				2F5B06082AEA63030075D083 /* FollowerCollectionViewCellViewModel.swift in Sources */,
				2F5B060B2AEA63A30075D083 /* LoginViewModel.swift in Sources */,
				2F5B05FB2AEA61B30075D083 /* UserViewModel.swift in Sources */,
				2F5B05F12AEA60B40075D083 /* GitHubUserModel.swift in Sources */,
				2F5B05F72AEA613F0075D083 /* ImageUtility.swift in Sources */,
				2F5B05F32AEA60F60075D083 /* Constants.swift in Sources */,
				2F5B060D2AEA63F60075D083 /* RoundedImageView.swift in Sources */,
				2F5B05FE2AEA61EA0075D083 /* FollowerVC.swift in Sources */,
				2F5B06002AEA61FA0075D083 /* FollowerViewModel.swift in Sources */,
				2F5B06032AEA62A80075D083 /* UIViewControllerExtension.swift in Sources */,
				2F5B05D72AEA5BD90075D083 /* SceneDelegate.swift in Sources */,
				2F5B05F92AEA618F0075D083 /* UserVC.swift in Sources */,
				2F5B06062AEA62DD0075D083 /* FollowerCollectionViewCell.swift in Sources */,
				2F5B05EC2AEA60460075D083 /* NetworkClient.swift in Sources */,
			);
			runOnlyForDeploymentPostprocessing = 0;
		};
/* End PBXSourcesBuildPhase section */

/* Begin PBXVariantGroup section */
		2F5B05DA2AEA5BD90075D083 /* Main.storyboard */ = {
			isa = PBXVariantGroup;
			children = (
				2F5B05DB2AEA5BD90075D083 /* Base */,
			);
			name = Main.storyboard;
			sourceTree = "<group>";
		};
		2F5B05DF2AEA5BDB0075D083 /* LaunchScreen.storyboard */ = {
			isa = PBXVariantGroup;
			children = (
				2F5B05E02AEA5BDB0075D083 /* Base */,
			);
			name = LaunchScreen.storyboard;
			sourceTree = "<group>";
		};
/* End PBXVariantGroup section */

/* Begin XCBuildConfiguration section */
		2F5B05E32AEA5BDB0075D083 /* Debug */ = {
			isa = XCBuildConfiguration;
			buildSettings = {
				ALWAYS_SEARCH_USER_PATHS = NO;
				CLANG_ANALYZER_NONNULL = YES;
				CLANG_ANALYZER_NUMBER_OBJECT_CONVERSION = YES_AGGRESSIVE;
				CLANG_CXX_LANGUAGE_STANDARD = "gnu++20";
				CLANG_ENABLE_MODULES = YES;
				CLANG_ENABLE_OBJC_ARC = YES;
				CLANG_ENABLE_OBJC_WEAK = YES;
				CLANG_WARN_BLOCK_CAPTURE_AUTORELEASING = YES;
				CLANG_WARN_BOOL_CONVERSION = YES;
				CLANG_WARN_COMMA = YES;
				CLANG_WARN_CONSTANT_CONVERSION = YES;
				CLANG_WARN_DEPRECATED_OBJC_IMPLEMENTATIONS = YES;
				CLANG_WARN_DIRECT_OBJC_ISA_USAGE = YES_ERROR;
				CLANG_WARN_DOCUMENTATION_COMMENTS = YES;
				CLANG_WARN_EMPTY_BODY = YES;
				CLANG_WARN_ENUM_CONVERSION = YES;
				CLANG_WARN_INFINITE_RECURSION = YES;
				CLANG_WARN_INT_CONVERSION = YES;
				CLANG_WARN_NON_LITERAL_NULL_CONVERSION = YES;
				CLANG_WARN_OBJC_IMPLICIT_RETAIN_SELF = YES;
				CLANG_WARN_OBJC_LITERAL_CONVERSION = YES;
				CLANG_WARN_OBJC_ROOT_CLASS = YES_ERROR;
				CLANG_WARN_QUOTED_INCLUDE_IN_FRAMEWORK_HEADER = YES;
				CLANG_WARN_RANGE_LOOP_ANALYSIS = YES;
				CLANG_WARN_STRICT_PROTOTYPES = YES;
				CLANG_WARN_SUSPICIOUS_MOVE = YES;
				CLANG_WARN_UNGUARDED_AVAILABILITY = YES_AGGRESSIVE;
				CLANG_WARN_UNREACHABLE_CODE = YES;
				CLANG_WARN__DUPLICATE_METHOD_MATCH = YES;
				COPY_PHASE_STRIP = NO;
				DEBUG_INFORMATION_FORMAT = dwarf;
				ENABLE_STRICT_OBJC_MSGSEND = YES;
				ENABLE_TESTABILITY = YES;
				GCC_C_LANGUAGE_STANDARD = gnu11;
				GCC_DYNAMIC_NO_PIC = NO;
				GCC_NO_COMMON_BLOCKS = YES;
				GCC_OPTIMIZATION_LEVEL = 0;
				GCC_PREPROCESSOR_DEFINITIONS = (
					"DEBUG=1",
					"$(inherited)",
				);
				GCC_WARN_64_TO_32_BIT_CONVERSION = YES;
				GCC_WARN_ABOUT_RETURN_TYPE = YES_ERROR;
				GCC_WARN_UNDECLARED_SELECTOR = YES;
				GCC_WARN_UNINITIALIZED_AUTOS = YES_AGGRESSIVE;
				GCC_WARN_UNUSED_FUNCTION = YES;
				GCC_WARN_UNUSED_VARIABLE = YES;
				IPHONEOS_DEPLOYMENT_TARGET = 16.4;
				MTL_ENABLE_DEBUG_INFO = INCLUDE_SOURCE;
				MTL_FAST_MATH = YES;
				ONLY_ACTIVE_ARCH = YES;
				SDKROOT = iphoneos;
				SWIFT_ACTIVE_COMPILATION_CONDITIONS = DEBUG;
				SWIFT_OPTIMIZATION_LEVEL = "-Onone";
			};
			name = Debug;
		};
		2F5B05E42AEA5BDB0075D083 /* Release */ = {
			isa = XCBuildConfiguration;
			buildSettings = {
				ALWAYS_SEARCH_USER_PATHS = NO;
				CLANG_ANALYZER_NONNULL = YES;
				CLANG_ANALYZER_NUMBER_OBJECT_CONVERSION = YES_AGGRESSIVE;
				CLANG_CXX_LANGUAGE_STANDARD = "gnu++20";
				CLANG_ENABLE_MODULES = YES;
				CLANG_ENABLE_OBJC_ARC = YES;
				CLANG_ENABLE_OBJC_WEAK = YES;
				CLANG_WARN_BLOCK_CAPTURE_AUTORELEASING = YES;
				CLANG_WARN_BOOL_CONVERSION = YES;
				CLANG_WARN_COMMA = YES;
				CLANG_WARN_CONSTANT_CONVERSION = YES;
				CLANG_WARN_DEPRECATED_OBJC_IMPLEMENTATIONS = YES;
				CLANG_WARN_DIRECT_OBJC_ISA_USAGE = YES_ERROR;
				CLANG_WARN_DOCUMENTATION_COMMENTS = YES;
				CLANG_WARN_EMPTY_BODY = YES;
				CLANG_WARN_ENUM_CONVERSION = YES;
				CLANG_WARN_INFINITE_RECURSION = YES;
				CLANG_WARN_INT_CONVERSION = YES;
				CLANG_WARN_NON_LITERAL_NULL_CONVERSION = YES;
				CLANG_WARN_OBJC_IMPLICIT_RETAIN_SELF = YES;
				CLANG_WARN_OBJC_LITERAL_CONVERSION = YES;
				CLANG_WARN_OBJC_ROOT_CLASS = YES_ERROR;
				CLANG_WARN_QUOTED_INCLUDE_IN_FRAMEWORK_HEADER = YES;
				CLANG_WARN_RANGE_LOOP_ANALYSIS = YES;
				CLANG_WARN_STRICT_PROTOTYPES = YES;
				CLANG_WARN_SUSPICIOUS_MOVE = YES;
				CLANG_WARN_UNGUARDED_AVAILABILITY = YES_AGGRESSIVE;
				CLANG_WARN_UNREACHABLE_CODE = YES;
				CLANG_WARN__DUPLICATE_METHOD_MATCH = YES;
				COPY_PHASE_STRIP = NO;
				DEBUG_INFORMATION_FORMAT = "dwarf-with-dsym";
				ENABLE_NS_ASSERTIONS = NO;
				ENABLE_STRICT_OBJC_MSGSEND = YES;
				GCC_C_LANGUAGE_STANDARD = gnu11;
				GCC_NO_COMMON_BLOCKS = YES;
				GCC_WARN_64_TO_32_BIT_CONVERSION = YES;
				GCC_WARN_ABOUT_RETURN_TYPE = YES_ERROR;
				GCC_WARN_UNDECLARED_SELECTOR = YES;
				GCC_WARN_UNINITIALIZED_AUTOS = YES_AGGRESSIVE;
				GCC_WARN_UNUSED_FUNCTION = YES;
				GCC_WARN_UNUSED_VARIABLE = YES;
				IPHONEOS_DEPLOYMENT_TARGET = 16.4;
				MTL_ENABLE_DEBUG_INFO = NO;
				MTL_FAST_MATH = YES;
				SDKROOT = iphoneos;
				SWIFT_COMPILATION_MODE = wholemodule;
				SWIFT_OPTIMIZATION_LEVEL = "-O";
				VALIDATE_PRODUCT = YES;
			};
			name = Release;
		};
		2F5B05E62AEA5BDB0075D083 /* Debug */ = {
			isa = XCBuildConfiguration;
			baseConfigurationReference = 39A9107D436C183F37A771FC /* Pods-GitHubTask_MVVM.debug.xcconfig */;
			buildSettings = {
				ASSETCATALOG_COMPILER_APPICON_NAME = AppIcon;
				ASSETCATALOG_COMPILER_GLOBAL_ACCENT_COLOR_NAME = AccentColor;
				CODE_SIGN_STYLE = Automatic;
				CURRENT_PROJECT_VERSION = 1;
				GENERATE_INFOPLIST_FILE = YES;
				INFOPLIST_FILE = GitHubTask_MVVM/Info.plist;
				INFOPLIST_KEY_UIApplicationSupportsIndirectInputEvents = YES;
				INFOPLIST_KEY_UILaunchStoryboardName = LaunchScreen;
				INFOPLIST_KEY_UIMainStoryboardFile = Main;
				INFOPLIST_KEY_UISupportedInterfaceOrientations_iPad = "UIInterfaceOrientationPortrait UIInterfaceOrientationPortraitUpsideDown UIInterfaceOrientationLandscapeLeft UIInterfaceOrientationLandscapeRight";
				INFOPLIST_KEY_UISupportedInterfaceOrientations_iPhone = "UIInterfaceOrientationPortrait UIInterfaceOrientationLandscapeLeft UIInterfaceOrientationLandscapeRight";
				LD_RUNPATH_SEARCH_PATHS = (
					"$(inherited)",
					"@executable_path/Frameworks",
				);
				MARKETING_VERSION = 1.0;
				PRODUCT_BUNDLE_IDENTIFIER = "FTS.GitHubTask-MVVM";
				PRODUCT_NAME = "$(TARGET_NAME)";
				SWIFT_EMIT_LOC_STRINGS = YES;
				SWIFT_VERSION = 5.0;
				TARGETED_DEVICE_FAMILY = "1,2";
			};
			name = Debug;
		};
		2F5B05E72AEA5BDB0075D083 /* Release */ = {
			isa = XCBuildConfiguration;
			baseConfigurationReference = 0A4214D87FE58F2BE846E057 /* Pods-GitHubTask_MVVM.release.xcconfig */;
			buildSettings = {
				ASSETCATALOG_COMPILER_APPICON_NAME = AppIcon;
				ASSETCATALOG_COMPILER_GLOBAL_ACCENT_COLOR_NAME = AccentColor;
				CODE_SIGN_STYLE = Automatic;
				CURRENT_PROJECT_VERSION = 1;
				GENERATE_INFOPLIST_FILE = YES;
				INFOPLIST_FILE = GitHubTask_MVVM/Info.plist;
				INFOPLIST_KEY_UIApplicationSupportsIndirectInputEvents = YES;
				INFOPLIST_KEY_UILaunchStoryboardName = LaunchScreen;
				INFOPLIST_KEY_UIMainStoryboardFile = Main;
				INFOPLIST_KEY_UISupportedInterfaceOrientations_iPad = "UIInterfaceOrientationPortrait UIInterfaceOrientationPortraitUpsideDown UIInterfaceOrientationLandscapeLeft UIInterfaceOrientationLandscapeRight";
				INFOPLIST_KEY_UISupportedInterfaceOrientations_iPhone = "UIInterfaceOrientationPortrait UIInterfaceOrientationLandscapeLeft UIInterfaceOrientationLandscapeRight";
				LD_RUNPATH_SEARCH_PATHS = (
					"$(inherited)",
					"@executable_path/Frameworks",
				);
				MARKETING_VERSION = 1.0;
				PRODUCT_BUNDLE_IDENTIFIER = "FTS.GitHubTask-MVVM";
				PRODUCT_NAME = "$(TARGET_NAME)";
				SWIFT_EMIT_LOC_STRINGS = YES;
				SWIFT_VERSION = 5.0;
				TARGETED_DEVICE_FAMILY = "1,2";
			};
			name = Release;
		};
/* End XCBuildConfiguration section */

/* Begin XCConfigurationList section */
		2F5B05CC2AEA5BD90075D083 /* Build configuration list for PBXProject "GitHubTask_MVVM" */ = {
			isa = XCConfigurationList;
			buildConfigurations = (
				2F5B05E32AEA5BDB0075D083 /* Debug */,
				2F5B05E42AEA5BDB0075D083 /* Release */,
			);
			defaultConfigurationIsVisible = 0;
			defaultConfigurationName = Release;
		};
		2F5B05E52AEA5BDB0075D083 /* Build configuration list for PBXNativeTarget "GitHubTask_MVVM" */ = {
			isa = XCConfigurationList;
			buildConfigurations = (
				2F5B05E62AEA5BDB0075D083 /* Debug */,
				2F5B05E72AEA5BDB0075D083 /* Release */,
			);
			defaultConfigurationIsVisible = 0;
			defaultConfigurationName = Release;
		};
/* End XCConfigurationList section */
	};
	rootObject = 2F5B05C92AEA5BD90075D083 /* Project object */;
}
